
Microsoft Visual Studio Solution File, Format Version 12.00
# Visual Studio Version 17
VisualStudioVersion = 17.4.33122.133
MinimumVisualStudioVersion = 10.0.40219.1
Project("{FAE04EC0-301F-11D3-BF4B-00C04F79EFBC}") = "TinderBot2.0", "TinderBot2.0\TinderBot2.0.csproj", "{684E17F2-67C3-473B-BF2C-01270B4AD08D}"
EndProject
Global
	GlobalSection(SolutionConfigurationPlatforms) = preSolution
		Debug|Any CPU = Debug|Any CPU
		Release|Any CPU = Release|Any CPU
	EndGlobalSection
	GlobalSection(ProjectConfigurationPlatforms) = postSolution
		{684E17F2-67C3-473B-BF2C-01270B4AD08D}.Debug|Any CPU.ActiveCfg = Debug|Any CPU
		{684E17F2-67C3-473B-BF2C-01270B4AD08D}.Debug|Any CPU.Build.0 = Debug|Any CPU
		{684E17F2-67C3-473B-BF2C-01270B4AD08D}.Release|Any CPU.ActiveCfg = Release|Any CPU
		{684E17F2-67C3-473B-BF2C-01270B4AD08D}.Release|Any CPU.Build.0 = Release|Any CPU
	EndGlobalSection
	GlobalSection(SolutionProperties) = preSolution
		HideSolutionNode = FALSE
	EndGlobalSection
	GlobalSection(ExtensibilityGlobals) = postSolution
		SolutionGuid = {147B242B-4BB7-4CA6-AA4B-4E8B29EFF99B}
	EndGlobalSection
EndGlobal
